
Microsoft Visual Studio Solution File, Format Version 12.00
# Visual Studio 15
VisualStudioVersion = 15.0.27428.2043
MinimumVisualStudioVersion = 10.0.40219.1
Project("{2150E333-8FDC-42A3-9474-1A3956D46DE8}") = "Business", "Business", "{CED2834F-B412-4DE7-B530-732F0055457A}"
EndProject
Project("{2150E333-8FDC-42A3-9474-1A3956D46DE8}") = "Presentation", "Presentation", "{57EEECE9-11CE-4A99-BB0F-65990E965E9A}"
EndProject
Project("{2150E333-8FDC-42A3-9474-1A3956D46DE8}") = "DataAccess", "DataAccess", "{CBC2F36F-2BF8-4BCA-BDE6-A73CC7FBB7A0}"
EndProject
Project("{2150E333-8FDC-42A3-9474-1A3956D46DE8}") = "Configuration", "Configuration", "{48AC0894-6C2D-44E9-B23D-ED5AA50FA22C}"
EndProject
Project("{2150E333-8FDC-42A3-9474-1A3956D46DE8}") = "Models", "Models", "{B2F7208C-8BE3-4CCC-84CD-56C2390A9C6C}"
EndProject
Project("{FAE04EC0-301F-11D3-BF4B-00C04F79EFBC}") = "ShoeStore.Models", "ShoeStore.Models\ShoeStore.Models.csproj", "{046769A6-095E-4994-AFD8-E4AA9695EF18}"
EndProject
Project("{FAE04EC0-301F-11D3-BF4B-00C04F79EFBC}") = "ShoeShop.Business.Interfaces", "ShoeShop.Business.Interfaces\ShoeShop.Business.Interfaces.csproj", "{D0CF88A8-BAEA-4D4E-A03A-FB83EAF387DE}"
EndProject
Project("{FAE04EC0-301F-11D3-BF4B-00C04F79EFBC}") = "ShoeStore.Configuration", "ShoeStore.Configuration\ShoeStore.Configuration.csproj", "{7C30F9D8-BBE6-4E27-88F0-00752D629EB0}"
EndProject
Project("{FAE04EC0-301F-11D3-BF4B-00C04F79EFBC}") = "ShoeStore.DataAccess", "ShoeStore.DataAccess\ShoeStore.DataAccess.csproj", "{000AD12F-A892-43BD-950F-9B9FDEE58D8F}"
EndProject
Global
	GlobalSection(SolutionConfigurationPlatforms) = preSolution
		Debug|Any CPU = Debug|Any CPU
		Release|Any CPU = Release|Any CPU
	EndGlobalSection
	GlobalSection(ProjectConfigurationPlatforms) = postSolution
		{046769A6-095E-4994-AFD8-E4AA9695EF18}.Debug|Any CPU.ActiveCfg = Debug|Any CPU
		{046769A6-095E-4994-AFD8-E4AA9695EF18}.Debug|Any CPU.Build.0 = Debug|Any CPU
		{046769A6-095E-4994-AFD8-E4AA9695EF18}.Release|Any CPU.ActiveCfg = Release|Any CPU
		{046769A6-095E-4994-AFD8-E4AA9695EF18}.Release|Any CPU.Build.0 = Release|Any CPU
		{D0CF88A8-BAEA-4D4E-A03A-FB83EAF387DE}.Debug|Any CPU.ActiveCfg = Debug|Any CPU
		{D0CF88A8-BAEA-4D4E-A03A-FB83EAF387DE}.Debug|Any CPU.Build.0 = Debug|Any CPU
		{D0CF88A8-BAEA-4D4E-A03A-FB83EAF387DE}.Release|Any CPU.ActiveCfg = Release|Any CPU
		{D0CF88A8-BAEA-4D4E-A03A-FB83EAF387DE}.Release|Any CPU.Build.0 = Release|Any CPU
		{7C30F9D8-BBE6-4E27-88F0-00752D629EB0}.Debug|Any CPU.ActiveCfg = Debug|Any CPU
		{7C30F9D8-BBE6-4E27-88F0-00752D629EB0}.Debug|Any CPU.Build.0 = Debug|Any CPU
		{7C30F9D8-BBE6-4E27-88F0-00752D629EB0}.Release|Any CPU.ActiveCfg = Release|Any CPU
		{7C30F9D8-BBE6-4E27-88F0-00752D629EB0}.Release|Any CPU.Build.0 = Release|Any CPU
		{000AD12F-A892-43BD-950F-9B9FDEE58D8F}.Debug|Any CPU.ActiveCfg = Debug|Any CPU
		{000AD12F-A892-43BD-950F-9B9FDEE58D8F}.Debug|Any CPU.Build.0 = Debug|Any CPU
		{000AD12F-A892-43BD-950F-9B9FDEE58D8F}.Release|Any CPU.ActiveCfg = Release|Any CPU
		{000AD12F-A892-43BD-950F-9B9FDEE58D8F}.Release|Any CPU.Build.0 = Release|Any CPU
	EndGlobalSection
	GlobalSection(SolutionProperties) = preSolution
		HideSolutionNode = FALSE
	EndGlobalSection
	GlobalSection(NestedProjects) = preSolution
		{046769A6-095E-4994-AFD8-E4AA9695EF18} = {B2F7208C-8BE3-4CCC-84CD-56C2390A9C6C}
		{D0CF88A8-BAEA-4D4E-A03A-FB83EAF387DE} = {CED2834F-B412-4DE7-B530-732F0055457A}
		{7C30F9D8-BBE6-4E27-88F0-00752D629EB0} = {48AC0894-6C2D-44E9-B23D-ED5AA50FA22C}
		{000AD12F-A892-43BD-950F-9B9FDEE58D8F} = {CBC2F36F-2BF8-4BCA-BDE6-A73CC7FBB7A0}
	EndGlobalSection
	GlobalSection(ExtensibilityGlobals) = postSolution
		SolutionGuid = {A7B89515-49F9-4F49-8086-CEE76E821611}
	EndGlobalSection
EndGlobal
